
Microsoft Visual Studio Solution File, Format Version 12.00
# Visual Studio Version 17
VisualStudioVersion = 17.8.34330.188
MinimumVisualStudioVersion = 10.0.40219.1
Project("{9A19103F-16F7-4668-BE54-9A1E7A4F7556}") = "ProgrammingExercise", "ProgrammingExcercise\ProgrammingExercise.csproj", "{15329656-D3B6-4CF7-A43C-B517BFD0D148}"
EndProject
Project("{9A19103F-16F7-4668-BE54-9A1E7A4F7556}") = "TimeProviderAPI", "TimeProviderAPI\TimeProviderAPI.csproj", "{F57B58EF-E35C-4E96-BE11-D870026DD5B9}"
EndProject
Global
	GlobalSection(SolutionConfigurationPlatforms) = preSolution
		Debug|Any CPU = Debug|Any CPU
		Release|Any CPU = Release|Any CPU
	EndGlobalSection
	GlobalSection(ProjectConfigurationPlatforms) = postSolution
		{15329656-D3B6-4CF7-A43C-B517BFD0D148}.Debug|Any CPU.ActiveCfg = Debug|Any CPU
		{15329656-D3B6-4CF7-A43C-B517BFD0D148}.Debug|Any CPU.Build.0 = Debug|Any CPU
		{15329656-D3B6-4CF7-A43C-B517BFD0D148}.Release|Any CPU.ActiveCfg = Release|Any CPU
		{15329656-D3B6-4CF7-A43C-B517BFD0D148}.Release|Any CPU.Build.0 = Release|Any CPU
		{F57B58EF-E35C-4E96-BE11-D870026DD5B9}.Debug|Any CPU.ActiveCfg = Debug|Any CPU
		{F57B58EF-E35C-4E96-BE11-D870026DD5B9}.Debug|Any CPU.Build.0 = Debug|Any CPU
		{F57B58EF-E35C-4E96-BE11-D870026DD5B9}.Release|Any CPU.ActiveCfg = Release|Any CPU
		{F57B58EF-E35C-4E96-BE11-D870026DD5B9}.Release|Any CPU.Build.0 = Release|Any CPU
	EndGlobalSection
	GlobalSection(SolutionProperties) = preSolution
		HideSolutionNode = FALSE
	EndGlobalSection
	GlobalSection(ExtensibilityGlobals) = postSolution
		SolutionGuid = {2A8EBF9C-3BF4-444B-B0F8-C6D4B2C7D443}
	EndGlobalSection
EndGlobal
