
Microsoft Visual Studio Solution File, Format Version 12.00
# Visual Studio Version 17
VisualStudioVersion = 17.8.34330.188
MinimumVisualStudioVersion = 10.0.40219.1
Project("{FAE04EC0-301F-11D3-BF4B-00C04F79EFBC}") = "ProgrammingExercise", "ProgrammingExercise.csproj", "{FB8FF970-32BE-491A-B05B-7A9DABA6A237}"
EndProject
Project("{FAE04EC0-301F-11D3-BF4B-00C04F79EFBC}") = "TimeProvider", "..\TimeProvider\TimeProvider.csproj", "{336D4125-4C80-4C2F-82E5-7D21DEE85480}"
EndProject
Global
	GlobalSection(SolutionConfigurationPlatforms) = preSolution
		Debug|Any CPU = Debug|Any CPU
		Release|Any CPU = Release|Any CPU
	EndGlobalSection
	GlobalSection(ProjectConfigurationPlatforms) = postSolution
		{FB8FF970-32BE-491A-B05B-7A9DABA6A237}.Debug|Any CPU.ActiveCfg = Debug|Any CPU
		{FB8FF970-32BE-491A-B05B-7A9DABA6A237}.Debug|Any CPU.Build.0 = Debug|Any CPU
		{FB8FF970-32BE-491A-B05B-7A9DABA6A237}.Release|Any CPU.ActiveCfg = Release|Any CPU
		{FB8FF970-32BE-491A-B05B-7A9DABA6A237}.Release|Any CPU.Build.0 = Release|Any CPU
		{336D4125-4C80-4C2F-82E5-7D21DEE85480}.Debug|Any CPU.ActiveCfg = Debug|Any CPU
		{336D4125-4C80-4C2F-82E5-7D21DEE85480}.Debug|Any CPU.Build.0 = Debug|Any CPU
		{336D4125-4C80-4C2F-82E5-7D21DEE85480}.Release|Any CPU.ActiveCfg = Release|Any CPU
		{336D4125-4C80-4C2F-82E5-7D21DEE85480}.Release|Any CPU.Build.0 = Release|Any CPU
	EndGlobalSection
	GlobalSection(SolutionProperties) = preSolution
		HideSolutionNode = FALSE
	EndGlobalSection
	GlobalSection(ExtensibilityGlobals) = postSolution
		SolutionGuid = {2A8EBF9C-3BF4-444B-B0F8-C6D4B2C7D443}
	EndGlobalSection
EndGlobal
